
Microsoft Visual Studio Solution File, Format Version 12.00
# Visual Studio Version 16
VisualStudioVersion = 16.0.32106.194
MinimumVisualStudioVersion = 10.0.40219.1
Project("{FAE04EC0-301F-11D3-BF4B-00C04F79EFBC}") = "DutchTreat", "DutchTreat.csproj", "{B9447A43-C53E-483B-9955-7A816BAD6A4D}"
EndProject
Global
	GlobalSection(SolutionConfigurationPlatforms) = preSolution
		Debug|Any CPU = Debug|Any CPU
		Release|Any CPU = Release|Any CPU
	EndGlobalSection
	GlobalSection(ProjectConfigurationPlatforms) = postSolution
		{B9447A43-C53E-483B-9955-7A816BAD6A4D}.Debug|Any CPU.ActiveCfg = Debug|Any CPU
		{B9447A43-C53E-483B-9955-7A816BAD6A4D}.Debug|Any CPU.Build.0 = Debug|Any CPU
		{B9447A43-C53E-483B-9955-7A816BAD6A4D}.Release|Any CPU.ActiveCfg = Release|Any CPU
		{B9447A43-C53E-483B-9955-7A816BAD6A4D}.Release|Any CPU.Build.0 = Release|Any CPU
	EndGlobalSection
	GlobalSection(SolutionProperties) = preSolution
		HideSolutionNode = FALSE
	EndGlobalSection
	GlobalSection(ExtensibilityGlobals) = postSolution
		SolutionGuid = {FCFC47D0-5CC7-40A2-A68B-2ED836785E9F}
	EndGlobalSection
EndGlobal
